hash: 7388b3260ca662bb6f11f3b6eede557e58857282a6d957caac2e077b6be4966c
updated: 2019-01-27T21:03:38.941392-05:00
imports:
- name: github.com/davecgh/go-spew
  version: d8f796af33cc11cb798c1aaeb27a4ebc5099927d
  subpackages:
  - spew
- name: github.com/dgrijalva/jwt-go
  version: 06ea1031745cb8b3dab3f6a236daf2b0aa468b7e
- name: github.com/garyburd/redigo
  version: a69d19351219b6dd56f274f96d85a7014a2ec34e
  subpackages:
  - internal
  - redis
- name: github.com/go-swagger/go-swagger
  version: 6b23bb61413826ce42c3b14a37bf5870caf91e0b
- name: github.com/golang/mock
  version: 51421b967af1f557f93a59e0057aaf15ca02e29c
  subpackages:
  - gomock
  - mockgen
- name: github.com/gorilla/context
  version: 08b5f424b9271eedf6f9f0ce86cb9396ed337a42
- name: github.com/gorilla/handlers
  version: 7e0847f9db758cdebd26c149d0ae9d5d0b9c98ce
- name: github.com/gorilla/mux
  version: a7962380ca08b5a188038c69871b8d3fbdf31e89
- name: github.com/gorilla/securecookie
  version: e65cf8c5df817c89aeb47ecb46064e802e2de943
- name: github.com/gorilla/sessions
  version: f57b7e2d29c6211d16ffa52a0998272f75799030
- name: github.com/konsorten/go-windows-terminal-sequences
  version: 5c8c8bd35d3832f5d134ae1e1e375b69a4d25242
- name: github.com/pmezard/go-difflib
  version: 792786c7400a136282c1664665ae0a8db921c6c2
  subpackages:
  - difflib
- name: github.com/sirupsen/logrus
  version: e1e72e9de974bd926e5c56f83753fba2df402ce5
- name: github.com/stretchr/objx
  version: ef50b0de28773081167c97fc27cf29a0bf8b8c71
- name: github.com/stretchr/testify
  version: ffdc059bfe9ce6a4e144ba849dbedead332c6053
  subpackages:
  - assert
  - mock
  - require
- name: golang.org/x/crypto
  version: 0c41d7ab0a0ee717d4590a44bcb987dfd9e183eb
  subpackages:
  - ssh/terminal
- name: golang.org/x/sys
  version: fa43e7bc11baaae89f3f902b2b4d832b68234844
  subpackages:
  - unix
  - windows
- name: gopkg.in/boj/redistore.v1
  version: fc113767cd6b051980f260d6dbe84b2740c46ab0
- name: gopkg.in/jose.v1
  version: a941c3995164a0708524e40076d5ed7378fa6c99
  subpackages:
  - crypto
  - jws
  - jwt
testImports: []
